
Microsoft Visual Studio Solution File, Format Version 12.00
# Visual Studio Version 16
VisualStudioVersion = 16.0.33027.164
MinimumVisualStudioVersion = 10.0.40219.1
Project("{FAE04EC0-301F-11D3-BF4B-00C04F79EFBC}") = "Cegefos.Api", "WebApiExercice1\Cegefos.Api.csproj", "{D1CEE112-D8DC-467A-B5AC-9C4670C26F6B}"
EndProject
Global
	GlobalSection(SolutionConfigurationPlatforms) = preSolution
		Debug|Any CPU = Debug|Any CPU
		Release|Any CPU = Release|Any CPU
	EndGlobalSection
	GlobalSection(ProjectConfigurationPlatforms) = postSolution
		{D1CEE112-D8DC-467A-B5AC-9C4670C26F6B}.Debug|Any CPU.ActiveCfg = Debug|Any CPU
		{D1CEE112-D8DC-467A-B5AC-9C4670C26F6B}.Debug|Any CPU.Build.0 = Debug|Any CPU
		{D1CEE112-D8DC-467A-B5AC-9C4670C26F6B}.Release|Any CPU.ActiveCfg = Release|Any CPU
		{D1CEE112-D8DC-467A-B5AC-9C4670C26F6B}.Release|Any CPU.Build.0 = Release|Any CPU
	EndGlobalSection
	GlobalSection(SolutionProperties) = preSolution
		HideSolutionNode = FALSE
	EndGlobalSection
	GlobalSection(ExtensibilityGlobals) = postSolution
		SolutionGuid = {88A8EC91-00E5-460B-96D6-ADCAD571983D}
	EndGlobalSection
EndGlobal
